
Microsoft Visual Studio Solution File, Format Version 12.00
# Visual Studio Version 16
VisualStudioVersion = 16.0.31402.337
MinimumVisualStudioVersion = 10.0.40219.1
Project("{8BC9CEB8-8B4A-11D0-8D11-00A0C91BC942}") = "BmpTrace2Win", "BmpTrace2Win\BmpTrace2Win.vcxproj", "{E61750AC-0F6A-4B2F-BFE0-0632947E653E}"
EndProject
Global
	GlobalSection(SolutionConfigurationPlatforms) = preSolution
		Debug|x64 = Debug|x64
		Debug|x86 = Debug|x86
		Release|x64 = Release|x64
		Release|x86 = Release|x86
	EndGlobalSection
	GlobalSection(ProjectConfigurationPlatforms) = postSolution
		{E61750AC-0F6A-4B2F-BFE0-0632947E653E}.Debug|x64.ActiveCfg = Debug|x64
		{E61750AC-0F6A-4B2F-BFE0-0632947E653E}.Debug|x64.Build.0 = Debug|x64
		{E61750AC-0F6A-4B2F-BFE0-0632947E653E}.Debug|x86.ActiveCfg = Debug|Win32
		{E61750AC-0F6A-4B2F-BFE0-0632947E653E}.Debug|x86.Build.0 = Debug|Win32
		{E61750AC-0F6A-4B2F-BFE0-0632947E653E}.Release|x64.ActiveCfg = Release|x64
		{E61750AC-0F6A-4B2F-BFE0-0632947E653E}.Release|x64.Build.0 = Release|x64
		{E61750AC-0F6A-4B2F-BFE0-0632947E653E}.Release|x86.ActiveCfg = Release|Win32
		{E61750AC-0F6A-4B2F-BFE0-0632947E653E}.Release|x86.Build.0 = Release|Win32
	EndGlobalSection
	GlobalSection(SolutionProperties) = preSolution
		HideSolutionNode = FALSE
	EndGlobalSection
	GlobalSection(ExtensibilityGlobals) = postSolution
		SolutionGuid = {35A0CF08-6B69-4617-AB41-4B1C269A0189}
	EndGlobalSection
EndGlobal
